# THIS IS AN AUTOGENERATED FILE. DO NOT EDIT THIS FILE DIRECTLY.
# yarn lockfile v1


cannon-es@^0.20.0:
  version "0.20.0"
  resolved "https://registry.yarnpkg.com/cannon-es/-/cannon-es-0.20.0.tgz#bf2f62a674701f37e3d861c90668a32d4d32f082"
  integrity sha512-eZhWTZIkFOnMAJOgfXJa9+b3kVlvG+FX4mdkpePev/w/rP5V8NRquGyEozcjPfEoXUlb+p7d9SUcmDSn14prOA==
